# This file is automatically @generated by Cargo.
# It is not intended for manual editing.
version = 3

[[package]]
name = "r2idl"
version = "0.1.0"

[[package]]
name = "r2utils"
version = "0.1.0"

[[package]]
name = "rcl"
version = "0.1.0"
dependencies = [
 "rmw",
]

[[package]]
name = "rmw"
version = "0.1.0"
